
Microsoft Visual Studio Solution File, Format Version 12.00
# Visual Studio Version 17
VisualStudioVersion = 17.9.34728.123
MinimumVisualStudioVersion = 10.0.40219.1
Project("{FAE04EC0-301F-11D3-BF4B-00C04F79EFBC}") = "Parcial1", "Parcial1.csproj", "{1250A08E-DCE6-472C-A18C-DCEC27C15FA3}"
EndProject
Global
	GlobalSection(SolutionConfigurationPlatforms) = preSolution
		Debug|Any CPU = Debug|Any CPU
		Release|Any CPU = Release|Any CPU
	EndGlobalSection
	GlobalSection(ProjectConfigurationPlatforms) = postSolution
		{1250A08E-DCE6-472C-A18C-DCEC27C15FA3}.Debug|Any CPU.ActiveCfg = Debug|Any CPU
		{1250A08E-DCE6-472C-A18C-DCEC27C15FA3}.Debug|Any CPU.Build.0 = Debug|Any CPU
		{1250A08E-DCE6-472C-A18C-DCEC27C15FA3}.Release|Any CPU.ActiveCfg = Release|Any CPU
		{1250A08E-DCE6-472C-A18C-DCEC27C15FA3}.Release|Any CPU.Build.0 = Release|Any CPU
	EndGlobalSection
	GlobalSection(SolutionProperties) = preSolution
		HideSolutionNode = FALSE
	EndGlobalSection
	GlobalSection(ExtensibilityGlobals) = postSolution
		SolutionGuid = {7E075ADE-C8E8-4A39-AAA8-5047F92A1E56}
	EndGlobalSection
EndGlobal
